
Microsoft Visual Studio Solution File, Format Version 12.00
# Visual Studio Version 17
VisualStudioVersion = 17.3.32901.215
MinimumVisualStudioVersion = 10.0.40219.1
Project("{9A19103F-16F7-4668-BE54-9A1E7A4F7556}") = "One", "One\One.csproj", "{440F7E47-3F42-4A08-9F54-C5C323B18393}"
EndProject
Project("{FAE04EC0-301F-11D3-BF4B-00C04F79EFBC}") = "One.Tests", "One.Tests\One.Tests.csproj", "{A79AD9B5-CE69-4977-9733-27BA3D641B7F}"
EndProject
Global
	GlobalSection(SolutionConfigurationPlatforms) = preSolution
		Debug|Any CPU = Debug|Any CPU
		Release|Any CPU = Release|Any CPU
	EndGlobalSection
	GlobalSection(ProjectConfigurationPlatforms) = postSolution
		{440F7E47-3F42-4A08-9F54-C5C323B18393}.Debug|Any CPU.ActiveCfg = Debug|Any CPU
		{440F7E47-3F42-4A08-9F54-C5C323B18393}.Debug|Any CPU.Build.0 = Debug|Any CPU
		{440F7E47-3F42-4A08-9F54-C5C323B18393}.Release|Any CPU.ActiveCfg = Release|Any CPU
		{440F7E47-3F42-4A08-9F54-C5C323B18393}.Release|Any CPU.Build.0 = Release|Any CPU
		{A79AD9B5-CE69-4977-9733-27BA3D641B7F}.Debug|Any CPU.ActiveCfg = Debug|Any CPU
		{A79AD9B5-CE69-4977-9733-27BA3D641B7F}.Debug|Any CPU.Build.0 = Debug|Any CPU
		{A79AD9B5-CE69-4977-9733-27BA3D641B7F}.Release|Any CPU.ActiveCfg = Release|Any CPU
		{A79AD9B5-CE69-4977-9733-27BA3D641B7F}.Release|Any CPU.Build.0 = Release|Any CPU
	EndGlobalSection
	GlobalSection(SolutionProperties) = preSolution
		HideSolutionNode = FALSE
	EndGlobalSection
	GlobalSection(ExtensibilityGlobals) = postSolution
		SolutionGuid = {83D1E344-A22F-441B-A858-B4E4D19B0400}
	EndGlobalSection
EndGlobal
